
Microsoft Visual Studio Solution File, Format Version 12.00
# Visual Studio 15
VisualStudioVersion = 15.0.28307.271
MinimumVisualStudioVersion = 10.0.40219.1
Project("{FAE04EC0-301F-11D3-BF4B-00C04F79EFBC}") = "COMP123-S2019-Assignment4-BMICalculator", "COMP123-S2019-Assignment4-BMICalculator\COMP123-S2019-Assignment4-BMICalculator.csproj", "{BA76BF01-BA69-4554-A6A4-6616E5117F26}"
EndProject
Global
	GlobalSection(SolutionConfigurationPlatforms) = preSolution
		Debug|Any CPU = Debug|Any CPU
		Release|Any CPU = Release|Any CPU
	EndGlobalSection
	GlobalSection(ProjectConfigurationPlatforms) = postSolution
		{BA76BF01-BA69-4554-A6A4-6616E5117F26}.Debug|Any CPU.ActiveCfg = Debug|Any CPU
		{BA76BF01-BA69-4554-A6A4-6616E5117F26}.Debug|Any CPU.Build.0 = Debug|Any CPU
		{BA76BF01-BA69-4554-A6A4-6616E5117F26}.Release|Any CPU.ActiveCfg = Release|Any CPU
		{BA76BF01-BA69-4554-A6A4-6616E5117F26}.Release|Any CPU.Build.0 = Release|Any CPU
	EndGlobalSection
	GlobalSection(SolutionProperties) = preSolution
		HideSolutionNode = FALSE
	EndGlobalSection
	GlobalSection(ExtensibilityGlobals) = postSolution
		SolutionGuid = {89297B21-E4D3-4676-9DCC-A88CD6A6065D}
	EndGlobalSection
EndGlobal
